dependencies:
- name: renovate-test
  repository: oci://registry.gitlab.com/secustor/oci-helm-test
  version: 0.2.0
- name: repo-test
  repository: https://gitlab.com/api/v4/projects/32840221/packages/helm/stable
  version: 0.1.0
digest: sha256:076dfc69e244a4e1214c4b84abd5b33ae0e2ce14e2591684df8900f2b76a7cd2
generated: "2022-01-20T17:52:45.616731743+01:00"
